Microsoft Visual Studio Solution File, Format Version 12.00
# Visual Studio Version 17
VisualStudioVersion = 17.8.34408.163
MinimumVisualStudioVersion = 10.0.40219.1
Project("{2150E333-8FDC-42A3-9474-1A3956D46DE8}") = "Global Files", "Global Files", "{7F3B48D0-97F1-4754-B77B-3CC0E9408080}"
	ProjectSection(SolutionItems) = preProject
		../../.editorconfig = ../../.editorconfig
		../../.gitignore = ../../.gitignore
		../../directory.packages.props = ../../directory.packages.props
	EndProjectSection
Project("{9A19103F-16F7-4668-BE54-9A1E7A4F7556}") = "Twss.SetGame", "../Twss.SetGame/Twss.SetGame.csproj", "{9B7C39C9-9D91-4E65-AEE6-F6B459061C36}"
EndProject
Project("{9A19103F-16F7-4668-BE54-9A1E7A4F7556}") = "Twss.SetGame.Tests", "../../tests/Twss.SetGame.Tests/Twss.SetGame.Tests.csproj", "{244D15D6-3FE2-40B9-A54D-E575AACB41F0}"
EndProject
Project("{9A19103F-16F7-4668-BE54-9A1E7A4F7556}") = "Twss.Utils", "../Twss.Utils/Twss.Utils.csproj", "{08242D01-9246-4A68-9C7D-BB09BF8530C3}"
EndProject
Project("{9A19103F-16F7-4668-BE54-9A1E7A4F7556}") = "Twss.Utils.Tests", "../../tests/Twss.Utils.Tests/Twss.Utils.Tests.csproj", "{C73B2325-2CAE-4688-8CE6-341A829ACDF8}"
EndProject
Global
	GlobalSection(SolutionConfigurationPlatforms) = preSolution
		Debug|Any CPU = Debug|Any CPU
		Release|Any CPU = Release|Any CPU
	EndGlobalSection
	GlobalSection(ProjectConfigurationPlatforms) = postSolution
		{9B7C39C9-9D91-4E65-AEE6-F6B459061C36}.Debug|Any CPU.ActiveCfg = Debug|Any CPU
		{9B7C39C9-9D91-4E65-AEE6-F6B459061C36}.Debug|Any CPU.Build.0 = Debug|Any CPU
		{9B7C39C9-9D91-4E65-AEE6-F6B459061C36}.Release|Any CPU.ActiveCfg = Release|Any CPU
		{9B7C39C9-9D91-4E65-AEE6-F6B459061C36}.Release|Any CPU.Build.0 = Release|Any CPU
		{244D15D6-3FE2-40B9-A54D-E575AACB41F0}.Debug|Any CPU.ActiveCfg = Debug|Any CPU
		{244D15D6-3FE2-40B9-A54D-E575AACB41F0}.Debug|Any CPU.Build.0 = Debug|Any CPU
		{244D15D6-3FE2-40B9-A54D-E575AACB41F0}.Release|Any CPU.ActiveCfg = Release|Any CPU
		{244D15D6-3FE2-40B9-A54D-E575AACB41F0}.Release|Any CPU.Build.0 = Release|Any CPU
		{08242D01-9246-4A68-9C7D-BB09BF8530C3}.Debug|Any CPU.ActiveCfg = Debug|Any CPU
		{08242D01-9246-4A68-9C7D-BB09BF8530C3}.Debug|Any CPU.Build.0 = Debug|Any CPU
		{08242D01-9246-4A68-9C7D-BB09BF8530C3}.Release|Any CPU.ActiveCfg = Release|Any CPU
		{08242D01-9246-4A68-9C7D-BB09BF8530C3}.Release|Any CPU.Build.0 = Release|Any CPU
		{C73B2325-2CAE-4688-8CE6-341A829ACDF8}.Debug|Any CPU.ActiveCfg = Debug|Any CPU
		{C73B2325-2CAE-4688-8CE6-341A829ACDF8}.Debug|Any CPU.Build.0 = Debug|Any CPU
		{C73B2325-2CAE-4688-8CE6-341A829ACDF8}.Release|Any CPU.ActiveCfg = Release|Any CPU
		{C73B2325-2CAE-4688-8CE6-341A829ACDF8}.Release|Any CPU.Build.0 = Release|Any CPU
	EndGlobalSection
	GlobalSection(SolutionProperties) = preSolution
		HideSolutionNode = FALSE
	EndGlobalSection
	GlobalSection(ExtensibilityGlobals) = postSolution
		SolutionGuid = {7C53D7EA-050E-43AD-8945-5A0DFA3F366D}
	EndGlobalSection
EndGlobal
